
Microsoft Visual Studio Solution File, Format Version 12.00
# Visual Studio Version 17
VisualStudioVersion = 17.5.33424.131
MinimumVisualStudioVersion = 10.0.40219.1
Project("{9A19103F-16F7-4668-BE54-9A1E7A4F7556}") = "CSharp11Features", "CSharp11Features\CSharp11Features.csproj", "{9AB52EB7-7C47-4324-A1E5-501B80D9CA3E}"
EndProject
Project("{FAE04EC0-301F-11D3-BF4B-00C04F79EFBC}") = "XUnitProject", "XUnitProject\XUnitProject.csproj", "{C571B7F5-FCF0-4D7D-858C-93C642929E26}"
EndProject
Global
	GlobalSection(SolutionConfigurationPlatforms) = preSolution
		Debug|Any CPU = Debug|Any CPU
		Release|Any CPU = Release|Any CPU
	EndGlobalSection
	GlobalSection(ProjectConfigurationPlatforms) = postSolution
		{9AB52EB7-7C47-4324-A1E5-501B80D9CA3E}.Debug|Any CPU.ActiveCfg = Debug|Any CPU
		{9AB52EB7-7C47-4324-A1E5-501B80D9CA3E}.Debug|Any CPU.Build.0 = Debug|Any CPU
		{9AB52EB7-7C47-4324-A1E5-501B80D9CA3E}.Release|Any CPU.ActiveCfg = Release|Any CPU
		{9AB52EB7-7C47-4324-A1E5-501B80D9CA3E}.Release|Any CPU.Build.0 = Release|Any CPU
		{C571B7F5-FCF0-4D7D-858C-93C642929E26}.Debug|Any CPU.ActiveCfg = Debug|Any CPU
		{C571B7F5-FCF0-4D7D-858C-93C642929E26}.Debug|Any CPU.Build.0 = Debug|Any CPU
		{C571B7F5-FCF0-4D7D-858C-93C642929E26}.Release|Any CPU.ActiveCfg = Release|Any CPU
		{C571B7F5-FCF0-4D7D-858C-93C642929E26}.Release|Any CPU.Build.0 = Release|Any CPU
	EndGlobalSection
	GlobalSection(SolutionProperties) = preSolution
		HideSolutionNode = FALSE
	EndGlobalSection
	GlobalSection(ExtensibilityGlobals) = postSolution
		SolutionGuid = {ABEE4AF9-1E11-40D0-A0E5-E66E1242CBEA}
	EndGlobalSection
EndGlobal
